
Microsoft Visual Studio Solution File, Format Version 12.00
# Visual Studio 2017
Project("{FAE04EC0-301F-11D3-BF4B-00C04F79EFBC}") = "Eel Speel", "Eel Speel.csproj", "{4B76CB7E-B54E-19AD-723E-1B34EA2173DF}"
EndProject
Project("{FAE04EC0-301F-11D3-BF4B-00C04F79EFBC}") = "Eel Speel.Editor", "Eel Speel.Editor.csproj", "{B43C38AB-E3B8-0257-B3A4-C04E90A465FF}"
EndProject
Global
	GlobalSection(SolutionConfigurationPlatforms) = preSolution
		Debug|Any CPU = Debug|Any CPU
		Release|Any CPU = Release|Any CPU
	EndGlobalSection
	GlobalSection(ProjectConfigurationPlatforms) = postSolution
		{4B76CB7E-B54E-19AD-723E-1B34EA2173DF}.Debug|Any CPU.ActiveCfg = Debug|Any CPU
		{4B76CB7E-B54E-19AD-723E-1B34EA2173DF}.Debug|Any CPU.Build.0 = Debug|Any CPU
		{4B76CB7E-B54E-19AD-723E-1B34EA2173DF}.Release|Any CPU.ActiveCfg = Release|Any CPU
		{4B76CB7E-B54E-19AD-723E-1B34EA2173DF}.Release|Any CPU.Build.0 = Release|Any CPU
		{B43C38AB-E3B8-0257-B3A4-C04E90A465FF}.Debug|Any CPU.ActiveCfg = Debug|Any CPU
		{B43C38AB-E3B8-0257-B3A4-C04E90A465FF}.Debug|Any CPU.Build.0 = Debug|Any CPU
		{B43C38AB-E3B8-0257-B3A4-C04E90A465FF}.Release|Any CPU.ActiveCfg = Release|Any CPU
		{B43C38AB-E3B8-0257-B3A4-C04E90A465FF}.Release|Any CPU.Build.0 = Release|Any CPU
	EndGlobalSection
	GlobalSection(SolutionProperties) = preSolution
		HideSolutionNode = FALSE
	EndGlobalSection
EndGlobal
